// !$*UTF8*$!
{
	archiveVersion = 1;
	classes = {
	};
	objectVersion = 46;
	objects = {

/* Begin PBXBuildFile section */
		2E03BFBF61C7C7B0F8D763B8 /* Pods_ShadowrunAssistantTests.framework in Frameworks */ = {isa = PBXBuildFile; fileRef = 29746A3795664903C1D3F046 /* Pods_ShadowrunAssistantTests.framework */; };
		32DFD352F1ACBD5BA4310D49 /* RollResult.swift in Sources */ = {isa = PBXBuildFile; fileRef = 32DFD613A5E269A19A7E2E27 /* RollResult.swift */; };
		32DFDE2E4E85240817B291B3 /* CharacteristicInfoTests.swift in Sources */ = {isa = PBXBuildFile; fileRef = 32DFD64C9B5CEABDDA26CD09 /* CharacteristicInfoTests.swift */; };
		32DFDF20240DF7A9BF4014E0 /* Characteristic.swift in Sources */ = {isa = PBXBuildFile; fileRef = 32DFD1601C726A31EBB03CB7 /* Characteristic.swift */; };
		539408CC3A99499AED7A394F /* Pods_ShadowrunAssistant.framework in Frameworks */ = {isa = PBXBuildFile; fileRef = 0C77C2DF89FF650740255F64 /* Pods_ShadowrunAssistant.framework */; };
		9E0014411E01841E00B6EB8A /* AppDelegate.swift in Sources */ = {isa = PBXBuildFile; fileRef = 9E0014401E01841E00B6EB8A /* AppDelegate.swift */; };
		9E0014431E01841E00B6EB8A /* ViewController.swift in Sources */ = {isa = PBXBuildFile; fileRef = 9E0014421E01841E00B6EB8A /* ViewController.swift */; };
		9E0014461E01841E00B6EB8A /* Main.storyboard in Resources */ = {isa = PBXBuildFile; fileRef = 9E0014441E01841E00B6EB8A /* Main.storyboard */; };
		9E0014481E01841E00B6EB8A /* Assets.xcassets in Resources */ = {isa = PBXBuildFile; fileRef = 9E0014471E01841E00B6EB8A /* Assets.xcassets */; };
		9E00144B1E01841E00B6EB8A /* LaunchScreen.storyboard in Resources */ = {isa = PBXBuildFile; fileRef = 9E0014491E01841E00B6EB8A /* LaunchScreen.storyboard */; };
		9E0014561E01841E00B6EB8A /* ShadowrunAssistantTests.swift in Sources */ = {isa = PBXBuildFile; fileRef = 9E0014551E01841E00B6EB8A /* ShadowrunAssistantTests.swift */; };
		9E0014611E01841E00B6EB8A /* ShadowrunAssistantUITests.swift in Sources */ = {isa = PBXBuildFile; fileRef = 9E0014601E01841E00B6EB8A /* ShadowrunAssistantUITests.swift */; };
		9E5001771E06CD5D005C69BD /* CharacteristicViewCell.swift in Sources */ = {isa = PBXBuildFile; fileRef = 9E5001761E06CD5D005C69BD /* CharacteristicViewCell.swift */; };
		9E50017D1E06EC57005C69BD /* Engine.swift in Sources */ = {isa = PBXBuildFile; fileRef = 9E50017C1E06EC57005C69BD /* Engine.swift */; };
		9E684D0E1E72BDEE00464E03 /* Shadowrunner.swift in Sources */ = {isa = PBXBuildFile; fileRef = 9E684D0D1E72BDEE00464E03 /* Shadowrunner.swift */; };
		9EA45C281E1D122E00BA8329 /* Die.swift in Sources */ = {isa = PBXBuildFile; fileRef = 9EA45C271E1D122E00BA8329 /* Die.swift */; };
		9EA45C2A1E1FC76B00BA8329 /* DieTests.swift in Sources */ = {isa = PBXBuildFile; fileRef = 32DFDF96C05517D3883CD633 /* DieTests.swift */; };
		9EBDC4D21E22EA8200036F15 /* Describable.swift in Sources */ = {isa = PBXBuildFile; fileRef = 9EBDC4D11E22EA8200036F15 /* Describable.swift */; };
		9EBDC4E01E22FB4200036F15 /* SkillRegistry.swift in Sources */ = {isa = PBXBuildFile; fileRef = 9EBDC4DF1E22FB4200036F15 /* SkillRegistry.swift */; };
		9EBDC4E21E239FF800036F15 /* CharacterRegistry.swift in Sources */ = {isa = PBXBuildFile; fileRef = 9EBDC4E11E239FF800036F15 /* CharacterRegistry.swift */; };
		B99F71A2DA09457CD36EF660 /* Pods_ShadowrunAssistantUITests.framework in Frameworks */ = {isa = PBXBuildFile; fileRef = 8FAC994D36B9347A3F9B1427 /* Pods_ShadowrunAssistantUITests.framework */; };
/* End PBXBuildFile section */

/* Begin PBXContainerItemProxy section */
		9E0014521E01841E00B6EB8A /* PBXContainerItemProxy */ = {
			isa = PBXContainerItemProxy;
			containerPortal = 9E0014351E01841D00B6EB8A /* Project object */;
			proxyType = 1;
			remoteGlobalIDString = 9E00143C1E01841D00B6EB8A;
			remoteInfo = ShadowrunAssistant;
		};
		9E00145D1E01841E00B6EB8A /* PBXContainerItemProxy */ = {
			isa = PBXContainerItemProxy;
			containerPortal = 9E0014351E01841D00B6EB8A /* Project object */;
			proxyType = 1;
			remoteGlobalIDString = 9E00143C1E01841D00B6EB8A;
			remoteInfo = ShadowrunAssistant;
		};
/* End PBXContainerItemProxy section */

/* Begin PBXFileReference section */
		01D7B27BB59458D853069BA5 /* Pods-ShadowrunAssistantTests.debug.xcconfig */ = {isa = PBXFileReference; includeInIndex = 1; lastKnownFileType = text.xcconfig; name = "Pods-ShadowrunAssistantTests.debug.xcconfig"; path = "Pods/Target Support Files/Pods-ShadowrunAssistantTests/Pods-ShadowrunAssistantTests.debug.xcconfig"; sourceTree = "<group>"; };
		0C77C2DF89FF650740255F64 /* Pods_ShadowrunAssistant.framework */ = {isa = PBXFileReference; explicitFileType = wrapper.framework; includeInIndex = 0; path = Pods_ShadowrunAssistant.framework; sourceTree = BUILT_PRODUCTS_DIR; };
		15D1B81473CCFE855B942A69 /* Pods-ShadowrunAssistant.release.xcconfig */ = {isa = PBXFileReference; includeInIndex = 1; lastKnownFileType = text.xcconfig; name = "Pods-ShadowrunAssistant.release.xcconfig"; path = "Pods/Target Support Files/Pods-ShadowrunAssistant/Pods-ShadowrunAssistant.release.xcconfig"; sourceTree = "<group>"; };
		29746A3795664903C1D3F046 /* Pods_ShadowrunAssistantTests.framework */ = {isa = PBXFileReference; explicitFileType = wrapper.framework; includeInIndex = 0; path = Pods_ShadowrunAssistantTests.framework; sourceTree = BUILT_PRODUCTS_DIR; };
		32DFD1601C726A31EBB03CB7 /* Characteristic.swift */ = {isa = PBXFileReference; fileEncoding = 4; lastKnownFileType = sourcecode.swift; path = Characteristic.swift; sourceTree = "<group>"; };
		32DFD613A5E269A19A7E2E27 /* RollResult.swift */ = {isa = PBXFileReference; fileEncoding = 4; lastKnownFileType = sourcecode.swift; path = RollResult.swift; sourceTree = "<group>"; };
		32DFD64C9B5CEABDDA26CD09 /* CharacteristicInfoTests.swift */ = {isa = PBXFileReference; fileEncoding = 4; lastKnownFileType = sourcecode.swift; path = CharacteristicInfoTests.swift; sourceTree = "<group>"; };
		32DFDF96C05517D3883CD633 /* DieTests.swift */ = {isa = PBXFileReference; fileEncoding = 4; lastKnownFileType = sourcecode.swift; path = DieTests.swift; sourceTree = "<group>"; };
		68F564CAB3730C6C880A27D5 /* Pods-ShadowrunAssistantUITests.release.xcconfig */ = {isa = PBXFileReference; includeInIndex = 1; lastKnownFileType = text.xcconfig; name = "Pods-ShadowrunAssistantUITests.release.xcconfig"; path = "Pods/Target Support Files/Pods-ShadowrunAssistantUITests/Pods-ShadowrunAssistantUITests.release.xcconfig"; sourceTree = "<group>"; };
		8FAC994D36B9347A3F9B1427 /* Pods_ShadowrunAssistantUITests.framework */ = {isa = PBXFileReference; explicitFileType = wrapper.framework; includeInIndex = 0; path = Pods_ShadowrunAssistantUITests.framework; sourceTree = BUILT_PRODUCTS_DIR; };
		911D279624033BAE481FE032 /* Pods-ShadowrunAssistant.debug.xcconfig */ = {isa = PBXFileReference; includeInIndex = 1; lastKnownFileType = text.xcconfig; name = "Pods-ShadowrunAssistant.debug.xcconfig"; path = "Pods/Target Support Files/Pods-ShadowrunAssistant/Pods-ShadowrunAssistant.debug.xcconfig"; sourceTree = "<group>"; };
		9E00143D1E01841E00B6EB8A /* ShadowrunAssistant.app */ = {isa = PBXFileReference; explicitFileType = wrapper.application; includeInIndex = 0; path = ShadowrunAssistant.app; sourceTree = BUILT_PRODUCTS_DIR; };
		9E0014401E01841E00B6EB8A /* AppDelegate.swift */ = {isa = PBXFileReference; lastKnownFileType = sourcecode.swift; path = AppDelegate.swift; sourceTree = "<group>"; };
		9E0014421E01841E00B6EB8A /* ViewController.swift */ = {isa = PBXFileReference; lastKnownFileType = sourcecode.swift; path = ViewController.swift; sourceTree = "<group>"; };
		9E0014451E01841E00B6EB8A /* Base */ = {isa = PBXFileReference; lastKnownFileType = file.storyboard; name = Base; path = Base.lproj/Main.storyboard; sourceTree = "<group>"; };
		9E0014471E01841E00B6EB8A /* Assets.xcassets */ = {isa = PBXFileReference; lastKnownFileType = folder.assetcatalog; path = Assets.xcassets; sourceTree = "<group>"; };
		9E00144A1E01841E00B6EB8A /* Base */ = {isa = PBXFileReference; lastKnownFileType = file.storyboard; name = Base; path = Base.lproj/LaunchScreen.storyboard; sourceTree = "<group>"; };
		9E00144C1E01841E00B6EB8A /* Info.plist */ = {isa = PBXFileReference; lastKnownFileType = text.plist.xml; path = Info.plist; sourceTree = "<group>"; };
		9E0014511E01841E00B6EB8A /* ShadowrunAssistantTests.xctest */ = {isa = PBXFileReference; explicitFileType = wrapper.cfbundle; includeInIndex = 0; path = ShadowrunAssistantTests.xctest; sourceTree = BUILT_PRODUCTS_DIR; };
		9E0014551E01841E00B6EB8A /* ShadowrunAssistantTests.swift */ = {isa = PBXFileReference; lastKnownFileType = sourcecode.swift; path = ShadowrunAssistantTests.swift; sourceTree = "<group>"; };
		9E0014571E01841E00B6EB8A /* Info.plist */ = {isa = PBXFileReference; lastKnownFileType = text.plist.xml; path = Info.plist; sourceTree = "<group>"; };
		9E00145C1E01841E00B6EB8A /* ShadowrunAssistantUITests.xctest */ = {isa = PBXFileReference; explicitFileType = wrapper.cfbundle; includeInIndex = 0; path = ShadowrunAssistantUITests.xctest; sourceTree = BUILT_PRODUCTS_DIR; };
		9E0014601E01841E00B6EB8A /* ShadowrunAssistantUITests.swift */ = {isa = PBXFileReference; lastKnownFileType = sourcecode.swift; path = ShadowrunAssistantUITests.swift; sourceTree = "<group>"; };
		9E0014621E01841E00B6EB8A /* Info.plist */ = {isa = PBXFileReference; lastKnownFileType = text.plist.xml; path = Info.plist; sourceTree = "<group>"; };
		9E5001761E06CD5D005C69BD /* CharacteristicViewCell.swift */ = {isa = PBXFileReference; fileEncoding = 4; lastKnownFileType = sourcecode.swift; path = CharacteristicViewCell.swift; sourceTree = "<group>"; };
		9E50017C1E06EC57005C69BD /* Engine.swift */ = {isa = PBXFileReference; fileEncoding = 4; lastKnownFileType = sourcecode.swift; path = Engine.swift; sourceTree = "<group>"; };
		9E684D0D1E72BDEE00464E03 /* Shadowrunner.swift */ = {isa = PBXFileReference; fileEncoding = 4; lastKnownFileType = sourcecode.swift; path = Shadowrunner.swift; sourceTree = "<group>"; };
		9EA45C271E1D122E00BA8329 /* Die.swift */ = {isa = PBXFileReference; fileEncoding = 4; lastKnownFileType = sourcecode.swift; path = Die.swift; sourceTree = "<group>"; };
		9EBDC4D11E22EA8200036F15 /* Describable.swift */ = {isa = PBXFileReference; fileEncoding = 4; lastKnownFileType = sourcecode.swift; path = Describable.swift; sourceTree = "<group>"; };
		9EBDC4DF1E22FB4200036F15 /* SkillRegistry.swift */ = {isa = PBXFileReference; fileEncoding = 4; lastKnownFileType = sourcecode.swift; path = SkillRegistry.swift; sourceTree = "<group>"; };
		9EBDC4E11E239FF800036F15 /* CharacterRegistry.swift */ = {isa = PBXFileReference; fileEncoding = 4; lastKnownFileType = sourcecode.swift; path = CharacterRegistry.swift; sourceTree = "<group>"; };
		CAD7ABEB5C94DE34934B8A33 /* Pods-ShadowrunAssistantUITests.debug.xcconfig */ = {isa = PBXFileReference; includeInIndex = 1; lastKnownFileType = text.xcconfig; name = "Pods-ShadowrunAssistantUITests.debug.xcconfig"; path = "Pods/Target Support Files/Pods-ShadowrunAssistantUITests/Pods-ShadowrunAssistantUITests.debug.xcconfig"; sourceTree = "<group>"; };
		F208BA5DED09D844ABD7A279 /* Pods-ShadowrunAssistantTests.release.xcconfig */ = {isa = PBXFileReference; includeInIndex = 1; lastKnownFileType = text.xcconfig; name = "Pods-ShadowrunAssistantTests.release.xcconfig"; path = "Pods/Target Support Files/Pods-ShadowrunAssistantTests/Pods-ShadowrunAssistantTests.release.xcconfig"; sourceTree = "<group>"; };
/* End PBXFileReference section */

/* Begin PBXFrameworksBuildPhase section */
		9E00143A1E01841D00B6EB8A /* Frameworks */ = {
			isa = PBXFrameworksBuildPhase;
			buildActionMask = 2147483647;
			files = (
				539408CC3A99499AED7A394F /* Pods_ShadowrunAssistant.framework in Frameworks */,
			);
			runOnlyForDeploymentPostprocessing = 0;
		};
		9E00144E1E01841E00B6EB8A /* Frameworks */ = {
			isa = PBXFrameworksBuildPhase;
			buildActionMask = 2147483647;
			files = (
				2E03BFBF61C7C7B0F8D763B8 /* Pods_ShadowrunAssistantTests.framework in Frameworks */,
			);
			runOnlyForDeploymentPostprocessing = 0;
		};
		9E0014591E01841E00B6EB8A /* Frameworks */ = {
			isa = PBXFrameworksBuildPhase;
			buildActionMask = 2147483647;
			files = (
				B99F71A2DA09457CD36EF660 /* Pods_ShadowrunAssistantUITests.framework in Frameworks */,
			);
			runOnlyForDeploymentPostprocessing = 0;
		};
/* End PBXFrameworksBuildPhase section */

/* Begin PBXGroup section */
		2939037C861E118DD19ED1AC /* Frameworks */ = {
			isa = PBXGroup;
			children = (
				0C77C2DF89FF650740255F64 /* Pods_ShadowrunAssistant.framework */,
				29746A3795664903C1D3F046 /* Pods_ShadowrunAssistantTests.framework */,
				8FAC994D36B9347A3F9B1427 /* Pods_ShadowrunAssistantUITests.framework */,
			);
			name = Frameworks;
			sourceTree = "<group>";
		};
		41ADBBD90F4FA6111FCB99D2 /* Pods */ = {
			isa = PBXGroup;
			children = (
				911D279624033BAE481FE032 /* Pods-ShadowrunAssistant.debug.xcconfig */,
				15D1B81473CCFE855B942A69 /* Pods-ShadowrunAssistant.release.xcconfig */,
				01D7B27BB59458D853069BA5 /* Pods-ShadowrunAssistantTests.debug.xcconfig */,
				F208BA5DED09D844ABD7A279 /* Pods-ShadowrunAssistantTests.release.xcconfig */,
				CAD7ABEB5C94DE34934B8A33 /* Pods-ShadowrunAssistantUITests.debug.xcconfig */,
				68F564CAB3730C6C880A27D5 /* Pods-ShadowrunAssistantUITests.release.xcconfig */,
			);
			name = Pods;
			sourceTree = "<group>";
		};
		9E0014341E01841D00B6EB8A = {
			isa = PBXGroup;
			children = (
				9E00143F1E01841E00B6EB8A /* ShadowrunAssistant */,
				9E0014541E01841E00B6EB8A /* ShadowrunAssistantTests */,
				9E00145F1E01841E00B6EB8A /* ShadowrunAssistantUITests */,
				9E00143E1E01841E00B6EB8A /* Products */,
				41ADBBD90F4FA6111FCB99D2 /* Pods */,
				2939037C861E118DD19ED1AC /* Frameworks */,
			);
			sourceTree = "<group>";
		};
		9E00143E1E01841E00B6EB8A /* Products */ = {
			isa = PBXGroup;
			children = (
				9E00143D1E01841E00B6EB8A /* ShadowrunAssistant.app */,
				9E0014511E01841E00B6EB8A /* ShadowrunAssistantTests.xctest */,
				9E00145C1E01841E00B6EB8A /* ShadowrunAssistantUITests.xctest */,
			);
			name = Products;
			sourceTree = "<group>";
		};
		9E00143F1E01841E00B6EB8A /* ShadowrunAssistant */ = {
			isa = PBXGroup;
			children = (
				9E684D0C1E72BDC000464E03 /* Model */,
				9E5001761E06CD5D005C69BD /* CharacteristicViewCell.swift */,
				9E0014421E01841E00B6EB8A /* ViewController.swift */,
				9E0014441E01841E00B6EB8A /* Main.storyboard */,
				9E00146E1E0184B100B6EB8A /* Supporting Files */,
			);
			path = ShadowrunAssistant;
			sourceTree = "<group>";
		};
		9E0014541E01841E00B6EB8A /* ShadowrunAssistantTests */ = {
			isa = PBXGroup;
			children = (
				32DFDF96C05517D3883CD633 /* DieTests.swift */,
				9E0014551E01841E00B6EB8A /* ShadowrunAssistantTests.swift */,
				9E0014571E01841E00B6EB8A /* Info.plist */,
				32DFD64C9B5CEABDDA26CD09 /* CharacteristicInfoTests.swift */,
			);
			path = ShadowrunAssistantTests;
			sourceTree = "<group>";
		};
		9E00145F1E01841E00B6EB8A /* ShadowrunAssistantUITests */ = {
			isa = PBXGroup;
			children = (
				9E0014601E01841E00B6EB8A /* ShadowrunAssistantUITests.swift */,
				9E0014621E01841E00B6EB8A /* Info.plist */,
			);
			path = ShadowrunAssistantUITests;
			sourceTree = "<group>";
		};
		9E00146E1E0184B100B6EB8A /* Supporting Files */ = {
			isa = PBXGroup;
			children = (
				9E0014401E01841E00B6EB8A /* AppDelegate.swift */,
				9E0014471E01841E00B6EB8A /* Assets.xcassets */,
				9E0014491E01841E00B6EB8A /* LaunchScreen.storyboard */,
				9E00144C1E01841E00B6EB8A /* Info.plist */,
			);
			name = "Supporting Files";
			sourceTree = "<group>";
		};
		9E684D0C1E72BDC000464E03 /* Model */ = {
			isa = PBXGroup;
			children = (
				9EBDC4DF1E22FB4200036F15 /* SkillRegistry.swift */,
				9E50017C1E06EC57005C69BD /* Engine.swift */,
				9EA45C291E1D125100BA8329 /* Dices */,
				9EBDC4D11E22EA8200036F15 /* Describable.swift */,
				9EBDC4E11E239FF800036F15 /* CharacterRegistry.swift */,
				9E684D0D1E72BDEE00464E03 /* Shadowrunner.swift */,
				32DFD1601C726A31EBB03CB7 /* Characteristic.swift */,
			);
			name = Model;
			sourceTree = "<group>";
		};
		9EA45C291E1D125100BA8329 /* Dices */ = {
			isa = PBXGroup;
			children = (
				9EA45C271E1D122E00BA8329 /* Die.swift */,
				32DFD613A5E269A19A7E2E27 /* RollResult.swift */,
			);
			name = Dices;
			sourceTree = "<group>";
		};
/* End PBXGroup section */

/* Begin PBXNativeTarget section */
		9E00143C1E01841D00B6EB8A /* ShadowrunAssistant */ = {
			isa = PBXNativeTarget;
			buildConfigurationList = 9E0014651E01841E00B6EB8A /* Build configuration list for PBXNativeTarget "ShadowrunAssistant" */;
			buildPhases = (
				9C111B3C2A666B8A8F31E981 /* [CP] Check Pods Manifest.lock */,
				9E0014391E01841D00B6EB8A /* Sources */,
				9E00143A1E01841D00B6EB8A /* Frameworks */,
				9E00143B1E01841D00B6EB8A /* Resources */,
				856EF367404DCF772B0AD65C /* [CP] Embed Pods Frameworks */,
				43250E3475842F32DD7C5971 /* [CP] Copy Pods Resources */,
			);
			buildRules = (
			);
			dependencies = (
			);
			name = ShadowrunAssistant;
			productName = ShadowrunAssistant;
			productReference = 9E00143D1E01841E00B6EB8A /* ShadowrunAssistant.app */;
			productType = "com.apple.product-type.application";
		};
		9E0014501E01841E00B6EB8A /* ShadowrunAssistantTests */ = {
			isa = PBXNativeTarget;
			buildConfigurationList = 9E0014681E01841E00B6EB8A /* Build configuration list for PBXNativeTarget "ShadowrunAssistantTests" */;
			buildPhases = (
				7A9E05D96AC31F60B1F115AC /* [CP] Check Pods Manifest.lock */,
				9E00144D1E01841E00B6EB8A /* Sources */,
				9E00144E1E01841E00B6EB8A /* Frameworks */,
				9E00144F1E01841E00B6EB8A /* Resources */,
				6B144F8B3A8239FE38225113 /* [CP] Embed Pods Frameworks */,
				25C10048F52693BA1D2D0F28 /* [CP] Copy Pods Resources */,
			);
			buildRules = (
			);
			dependencies = (
				9E0014531E01841E00B6EB8A /* PBXTargetDependency */,
			);
			name = ShadowrunAssistantTests;
			productName = ShadowrunAssistantTests;
			productReference = 9E0014511E01841E00B6EB8A /* ShadowrunAssistantTests.xctest */;
			productType = "com.apple.product-type.bundle.unit-test";
		};
		9E00145B1E01841E00B6EB8A /* ShadowrunAssistantUITests */ = {
			isa = PBXNativeTarget;
			buildConfigurationList = 9E00146B1E01841E00B6EB8A /* Build configuration list for PBXNativeTarget "ShadowrunAssistantUITests" */;
			buildPhases = (
				F0E9CF304A2112DE5A4E61B1 /* [CP] Check Pods Manifest.lock */,
				9E0014581E01841E00B6EB8A /* Sources */,
				9E0014591E01841E00B6EB8A /* Frameworks */,
				9E00145A1E01841E00B6EB8A /* Resources */,
				F08CF8760801122037769777 /* [CP] Embed Pods Frameworks */,
				3D6C367946854D7C38CBA2F2 /* [CP] Copy Pods Resources */,
			);
			buildRules = (
			);
			dependencies = (
				9E00145E1E01841E00B6EB8A /* PBXTargetDependency */,
			);
			name = ShadowrunAssistantUITests;
			productName = ShadowrunAssistantUITests;
			productReference = 9E00145C1E01841E00B6EB8A /* ShadowrunAssistantUITests.xctest */;
			productType = "com.apple.product-type.bundle.ui-testing";
		};
/* End PBXNativeTarget section */

/* Begin PBXProject section */
		9E0014351E01841D00B6EB8A /* Project object */ = {
			isa = PBXProject;
			attributes = {
				LastSwiftUpdateCheck = 0820;
				LastUpgradeCheck = 0820;
				ORGANIZATIONNAME = "Christophe Laprun";
				TargetAttributes = {
					9E00143C1E01841D00B6EB8A = {
						CreatedOnToolsVersion = 8.2;
						DevelopmentTeam = GR42KQ2SX9;
						ProvisioningStyle = Automatic;
					};
					9E0014501E01841E00B6EB8A = {
						CreatedOnToolsVersion = 8.2;
						DevelopmentTeam = GR42KQ2SX9;
						ProvisioningStyle = Automatic;
						TestTargetID = 9E00143C1E01841D00B6EB8A;
					};
					9E00145B1E01841E00B6EB8A = {
						CreatedOnToolsVersion = 8.2;
						DevelopmentTeam = GR42KQ2SX9;
						ProvisioningStyle = Automatic;
						TestTargetID = 9E00143C1E01841D00B6EB8A;
					};
				};
			};
			buildConfigurationList = 9E0014381E01841D00B6EB8A /* Build configuration list for PBXProject "ShadowrunAssistant" */;
			compatibilityVersion = "Xcode 3.2";
			developmentRegion = English;
			hasScannedForEncodings = 0;
			knownRegions = (
				en,
				Base,
			);
			mainGroup = 9E0014341E01841D00B6EB8A;
			productRefGroup = 9E00143E1E01841E00B6EB8A /* Products */;
			projectDirPath = "";
			projectRoot = "";
			targets = (
				9E00143C1E01841D00B6EB8A /* ShadowrunAssistant */,
				9E0014501E01841E00B6EB8A /* ShadowrunAssistantTests */,
				9E00145B1E01841E00B6EB8A /* ShadowrunAssistantUITests */,
			);
		};
/* End PBXProject section */

/* Begin PBXResourcesBuildPhase section */
		9E00143B1E01841D00B6EB8A /* Resources */ = {
			isa = PBXResourcesBuildPhase;
			buildActionMask = 2147483647;
			files = (
				9E00144B1E01841E00B6EB8A /* LaunchScreen.storyboard in Resources */,
				9E0014481E01841E00B6EB8A /* Assets.xcassets in Resources */,
				9E0014461E01841E00B6EB8A /* Main.storyboard in Resources */,
			);
			runOnlyForDeploymentPostprocessing = 0;
		};
		9E00144F1E01841E00B6EB8A /* Resources */ = {
			isa = PBXResourcesBuildPhase;
			buildActionMask = 2147483647;
			files = (
			);
			runOnlyForDeploymentPostprocessing = 0;
		};
		9E00145A1E01841E00B6EB8A /* Resources */ = {
			isa = PBXResourcesBuildPhase;
			buildActionMask = 2147483647;
			files = (
			);
			runOnlyForDeploymentPostprocessing = 0;
		};
/* End PBXResourcesBuildPhase section */

/* Begin PBXShellScriptBuildPhase section */
		25C10048F52693BA1D2D0F28 /* [CP] Copy Pods Resources */ = {
			isa = PBXShellScriptBuildPhase;
			buildActionMask = 2147483647;
			files = (
			);
			inputPaths = (
			);
			name = "[CP] Copy Pods Resources";
			outputPaths = (
			);
			runOnlyForDeploymentPostprocessing = 0;
			shellPath = /bin/sh;
			shellScript = "\"${SRCROOT}/Pods/Target Support Files/Pods-ShadowrunAssistantTests/Pods-ShadowrunAssistantTests-resources.sh\"\n";
			showEnvVarsInLog = 0;
		};
		3D6C367946854D7C38CBA2F2 /* [CP] Copy Pods Resources */ = {
			isa = PBXShellScriptBuildPhase;
			buildActionMask = 2147483647;
			files = (
			);
			inputPaths = (
			);
			name = "[CP] Copy Pods Resources";
			outputPaths = (
			);
			runOnlyForDeploymentPostprocessing = 0;
			shellPath = /bin/sh;
			shellScript = "\"${SRCROOT}/Pods/Target Support Files/Pods-ShadowrunAssistantUITests/Pods-ShadowrunAssistantUITests-resources.sh\"\n";
			showEnvVarsInLog = 0;
		};
		43250E3475842F32DD7C5971 /* [CP] Copy Pods Resources */ = {
			isa = PBXShellScriptBuildPhase;
			buildActionMask = 2147483647;
			files = (
			);
			inputPaths = (
			);
			name = "[CP] Copy Pods Resources";
			outputPaths = (
			);
			runOnlyForDeploymentPostprocessing = 0;
			shellPath = /bin/sh;
			shellScript = "\"${SRCROOT}/Pods/Target Support Files/Pods-ShadowrunAssistant/Pods-ShadowrunAssistant-resources.sh\"\n";
			showEnvVarsInLog = 0;
		};
		6B144F8B3A8239FE38225113 /* [CP] Embed Pods Frameworks */ = {
			isa = PBXShellScriptBuildPhase;
			buildActionMask = 2147483647;
			files = (
			);
			inputPaths = (
			);
			name = "[CP] Embed Pods Frameworks";
			outputPaths = (
			);
			runOnlyForDeploymentPostprocessing = 0;
			shellPath = /bin/sh;
			shellScript = "\"${SRCROOT}/Pods/Target Support Files/Pods-ShadowrunAssistantTests/Pods-ShadowrunAssistantTests-frameworks.sh\"\n";
			showEnvVarsInLog = 0;
		};
		7A9E05D96AC31F60B1F115AC /* [CP] Check Pods Manifest.lock */ = {
			isa = PBXShellScriptBuildPhase;
			buildActionMask = 2147483647;
			files = (
			);
			inputPaths = (
			);
			name = "[CP] Check Pods Manifest.lock";
			outputPaths = (
			);
			runOnlyForDeploymentPostprocessing = 0;
			shellPath = /bin/sh;
			shellScript = "diff \"${PODS_PODFILE_DIR_PATH}/Podfile.lock\" \"${PODS_ROOT}/Manifest.lock\" > /dev/null\nif [ $? != 0 ] ; then\n    # print error to STDERR\n    echo \"error: The sandbox is not in sync with the Podfile.lock. Run 'pod install' or update your CocoaPods installation.\" >&2\n    exit 1\nfi\n";
			showEnvVarsInLog = 0;
		};
		856EF367404DCF772B0AD65C /* [CP] Embed Pods Frameworks */ = {
			isa = PBXShellScriptBuildPhase;
			buildActionMask = 2147483647;
			files = (
			);
			inputPaths = (
			);
			name = "[CP] Embed Pods Frameworks";
			outputPaths = (
			);
			runOnlyForDeploymentPostprocessing = 0;
			shellPath = /bin/sh;
			shellScript = "\"${SRCROOT}/Pods/Target Support Files/Pods-ShadowrunAssistant/Pods-ShadowrunAssistant-frameworks.sh\"\n";
			showEnvVarsInLog = 0;
		};
		9C111B3C2A666B8A8F31E981 /* [CP] Check Pods Manifest.lock */ = {
			isa = PBXShellScriptBuildPhase;
			buildActionMask = 2147483647;
			files = (
			);
			inputPaths = (
			);
			name = "[CP] Check Pods Manifest.lock";
			outputPaths = (
			);
			runOnlyForDeploymentPostprocessing = 0;
			shellPath = /bin/sh;
			shellScript = "diff \"${PODS_PODFILE_DIR_PATH}/Podfile.lock\" \"${PODS_ROOT}/Manifest.lock\" > /dev/null\nif [ $? != 0 ] ; then\n    # print error to STDERR\n    echo \"error: The sandbox is not in sync with the Podfile.lock. Run 'pod install' or update your CocoaPods installation.\" >&2\n    exit 1\nfi\n";
			showEnvVarsInLog = 0;
		};
		F08CF8760801122037769777 /* [CP] Embed Pods Frameworks */ = {
			isa = PBXShellScriptBuildPhase;
			buildActionMask = 2147483647;
			files = (
			);
			inputPaths = (
			);
			name = "[CP] Embed Pods Frameworks";
			outputPaths = (
			);
			runOnlyForDeploymentPostprocessing = 0;
			shellPath = /bin/sh;
			shellScript = "\"${SRCROOT}/Pods/Target Support Files/Pods-ShadowrunAssistantUITests/Pods-ShadowrunAssistantUITests-frameworks.sh\"\n";
			showEnvVarsInLog = 0;
		};
		F0E9CF304A2112DE5A4E61B1 /* [CP] Check Pods Manifest.lock */ = {
			isa = PBXShellScriptBuildPhase;
			buildActionMask = 2147483647;
			files = (
			);
			inputPaths = (
			);
			name = "[CP] Check Pods Manifest.lock";
			outputPaths = (
			);
			runOnlyForDeploymentPostprocessing = 0;
			shellPath = /bin/sh;
			shellScript = "diff \"${PODS_PODFILE_DIR_PATH}/Podfile.lock\" \"${PODS_ROOT}/Manifest.lock\" > /dev/null\nif [ $? != 0 ] ; then\n    # print error to STDERR\n    echo \"error: The sandbox is not in sync with the Podfile.lock. Run 'pod install' or update your CocoaPods installation.\" >&2\n    exit 1\nfi\n";
			showEnvVarsInLog = 0;
		};
/* End PBXShellScriptBuildPhase section */

/* Begin PBXSourcesBuildPhase section */
		9E0014391E01841D00B6EB8A /* Sources */ = {
			isa = PBXSourcesBuildPhase;
			buildActionMask = 2147483647;
			files = (
				9EBDC4D21E22EA8200036F15 /* Describable.swift in Sources */,
				9E5001771E06CD5D005C69BD /* CharacteristicViewCell.swift in Sources */,
				9EA45C281E1D122E00BA8329 /* Die.swift in Sources */,
				9EBDC4E21E239FF800036F15 /* CharacterRegistry.swift in Sources */,
				9EBDC4E01E22FB4200036F15 /* SkillRegistry.swift in Sources */,
				9E0014431E01841E00B6EB8A /* ViewController.swift in Sources */,
				9E0014411E01841E00B6EB8A /* AppDelegate.swift in Sources */,
				9E50017D1E06EC57005C69BD /* Engine.swift in Sources */,
				32DFD352F1ACBD5BA4310D49 /* RollResult.swift in Sources */,
				9E684D0E1E72BDEE00464E03 /* Shadowrunner.swift in Sources */,
				32DFDF20240DF7A9BF4014E0 /* Characteristic.swift in Sources */,
			);
			runOnlyForDeploymentPostprocessing = 0;
		};
		9E00144D1E01841E00B6EB8A /* Sources */ = {
			isa = PBXSourcesBuildPhase;
			buildActionMask = 2147483647;
			files = (
				9EA45C2A1E1FC76B00BA8329 /* DieTests.swift in Sources */,
				9E0014561E01841E00B6EB8A /* ShadowrunAssistantTests.swift in Sources */,
				32DFDE2E4E85240817B291B3 /* CharacteristicInfoTests.swift in Sources */,
			);
			runOnlyForDeploymentPostprocessing = 0;
		};
		9E0014581E01841E00B6EB8A /* Sources */ = {
			isa = PBXSourcesBuildPhase;
			buildActionMask = 2147483647;
			files = (
				9E0014611E01841E00B6EB8A /* ShadowrunAssistantUITests.swift in Sources */,
			);
			runOnlyForDeploymentPostprocessing = 0;
		};
/* End PBXSourcesBuildPhase section */

/* Begin PBXTargetDependency section */
		9E0014531E01841E00B6EB8A /* PBXTargetDependency */ = {
			isa = PBXTargetDependency;
			target = 9E00143C1E01841D00B6EB8A /* ShadowrunAssistant */;
			targetProxy = 9E0014521E01841E00B6EB8A /* PBXContainerItemProxy */;
		};
		9E00145E1E01841E00B6EB8A /* PBXTargetDependency */ = {
			isa = PBXTargetDependency;
			target = 9E00143C1E01841D00B6EB8A /* ShadowrunAssistant */;
			targetProxy = 9E00145D1E01841E00B6EB8A /* PBXContainerItemProxy */;
		};
/* End PBXTargetDependency section */

/* Begin PBXVariantGroup section */
		9E0014441E01841E00B6EB8A /* Main.storyboard */ = {
			isa = PBXVariantGroup;
			children = (
				9E0014451E01841E00B6EB8A /* Base */,
			);
			name = Main.storyboard;
			sourceTree = "<group>";
		};
		9E0014491E01841E00B6EB8A /* LaunchScreen.storyboard */ = {
			isa = PBXVariantGroup;
			children = (
				9E00144A1E01841E00B6EB8A /* Base */,
			);
			name = LaunchScreen.storyboard;
			sourceTree = "<group>";
		};
/* End PBXVariantGroup section */

/* Begin XCBuildConfiguration section */
		9E0014631E01841E00B6EB8A /* Debug */ = {
			isa = XCBuildConfiguration;
			buildSettings = {
				ALWAYS_SEARCH_USER_PATHS = NO;
				CLANG_ANALYZER_NONNULL = YES;
				CLANG_CXX_LANGUAGE_STANDARD = "gnu++0x";
				CLANG_CXX_LIBRARY = "libc++";
				CLANG_ENABLE_MODULES = YES;
				CLANG_ENABLE_OBJC_ARC = YES;
				CLANG_WARN_BOOL_CONVERSION = YES;
				CLANG_WARN_CONSTANT_CONVERSION = YES;
				CLANG_WARN_DIRECT_OBJC_ISA_USAGE = YES_ERROR;
				CLANG_WARN_DOCUMENTATION_COMMENTS = YES;
				CLANG_WARN_EMPTY_BODY = YES;
				CLANG_WARN_ENUM_CONVERSION = YES;
				CLANG_WARN_INFINITE_RECURSION = YES;
				CLANG_WARN_INT_CONVERSION = YES;
				CLANG_WARN_OBJC_ROOT_CLASS = YES_ERROR;
				CLANG_WARN_SUSPICIOUS_MOVE = YES;
				CLANG_WARN_UNREACHABLE_CODE = YES;
				CLANG_WARN__DUPLICATE_METHOD_MATCH = YES;
				"CODE_SIGN_IDENTITY[sdk=iphoneos*]" = "iPhone Developer";
				COPY_PHASE_STRIP = NO;
				DEBUG_INFORMATION_FORMAT = dwarf;
				ENABLE_STRICT_OBJC_MSGSEND = YES;
				ENABLE_TESTABILITY = YES;
				GCC_C_LANGUAGE_STANDARD = gnu99;
				GCC_DYNAMIC_NO_PIC = NO;
				GCC_NO_COMMON_BLOCKS = YES;
				GCC_OPTIMIZATION_LEVEL = 0;
				GCC_PREPROCESSOR_DEFINITIONS = (
					"DEBUG=1",
					"$(inherited)",
				);
				GCC_WARN_64_TO_32_BIT_CONVERSION = YES;
				GCC_WARN_ABOUT_RETURN_TYPE = YES_ERROR;
				GCC_WARN_UNDECLARED_SELECTOR = YES;
				GCC_WARN_UNINITIALIZED_AUTOS = YES_AGGRESSIVE;
				GCC_WARN_UNUSED_FUNCTION = YES;
				GCC_WARN_UNUSED_VARIABLE = YES;
				IPHONEOS_DEPLOYMENT_TARGET = 10.2;
				MTL_ENABLE_DEBUG_INFO = YES;
				ONLY_ACTIVE_ARCH = YES;
				SDKROOT = iphoneos;
				SWIFT_ACTIVE_COMPILATION_CONDITIONS = DEBUG;
				SWIFT_OPTIMIZATION_LEVEL = "-Onone";
				TARGETED_DEVICE_FAMILY = "1,2";
			};
			name = Debug;
		};
		9E0014641E01841E00B6EB8A /* Release */ = {
			isa = XCBuildConfiguration;
			buildSettings = {
				ALWAYS_SEARCH_USER_PATHS = NO;
				CLANG_ANALYZER_NONNULL = YES;
				CLANG_CXX_LANGUAGE_STANDARD = "gnu++0x";
				CLANG_CXX_LIBRARY = "libc++";
				CLANG_ENABLE_MODULES = YES;
				CLANG_ENABLE_OBJC_ARC = YES;
				CLANG_WARN_BOOL_CONVERSION = YES;
				CLANG_WARN_CONSTANT_CONVERSION = YES;
				CLANG_WARN_DIRECT_OBJC_ISA_USAGE = YES_ERROR;
				CLANG_WARN_DOCUMENTATION_COMMENTS = YES;
				CLANG_WARN_EMPTY_BODY = YES;
				CLANG_WARN_ENUM_CONVERSION = YES;
				CLANG_WARN_INFINITE_RECURSION = YES;
				CLANG_WARN_INT_CONVERSION = YES;
				CLANG_WARN_OBJC_ROOT_CLASS = YES_ERROR;
				CLANG_WARN_SUSPICIOUS_MOVE = YES;
				CLANG_WARN_UNREACHABLE_CODE = YES;
				CLANG_WARN__DUPLICATE_METHOD_MATCH = YES;
				"CODE_SIGN_IDENTITY[sdk=iphoneos*]" = "iPhone Developer";
				COPY_PHASE_STRIP = NO;
				DEBUG_INFORMATION_FORMAT = "dwarf-with-dsym";
				ENABLE_NS_ASSERTIONS = NO;
				ENABLE_STRICT_OBJC_MSGSEND = YES;
				GCC_C_LANGUAGE_STANDARD = gnu99;
				GCC_NO_COMMON_BLOCKS = YES;
				GCC_WARN_64_TO_32_BIT_CONVERSION = YES;
				GCC_WARN_ABOUT_RETURN_TYPE = YES_ERROR;
				GCC_WARN_UNDECLARED_SELECTOR = YES;
				GCC_WARN_UNINITIALIZED_AUTOS = YES_AGGRESSIVE;
				GCC_WARN_UNUSED_FUNCTION = YES;
				GCC_WARN_UNUSED_VARIABLE = YES;
				IPHONEOS_DEPLOYMENT_TARGET = 10.2;
				MTL_ENABLE_DEBUG_INFO = NO;
				SDKROOT = iphoneos;
				SWIFT_OPTIMIZATION_LEVEL = "-Owholemodule";
				TARGETED_DEVICE_FAMILY = "1,2";
				VALIDATE_PRODUCT = YES;
			};
			name = Release;
		};
		9E0014661E01841E00B6EB8A /* Debug */ = {
			isa = XCBuildConfiguration;
			baseConfigurationReference = 911D279624033BAE481FE032 /* Pods-ShadowrunAssistant.debug.xcconfig */;
			buildSettings = {
				ASSETCATALOG_COMPILER_APPICON_NAME = AppIcon;
				DEVELOPMENT_TEAM = GR42KQ2SX9;
				INFOPLIST_FILE = ShadowrunAssistant/Info.plist;
				LD_RUNPATH_SEARCH_PATHS = "$(inherited) @executable_path/Frameworks";
				PRODUCT_BUNDLE_IDENTIFIER = io.github.metacosm.ShadowrunAssistant;
				PRODUCT_NAME = "$(TARGET_NAME)";
				SWIFT_VERSION = 3.0;
			};
			name = Debug;
		};
		9E0014671E01841E00B6EB8A /* Release */ = {
			isa = XCBuildConfiguration;
			baseConfigurationReference = 15D1B81473CCFE855B942A69 /* Pods-ShadowrunAssistant.release.xcconfig */;
			buildSettings = {
				ASSETCATALOG_COMPILER_APPICON_NAME = AppIcon;
				DEVELOPMENT_TEAM = GR42KQ2SX9;
				INFOPLIST_FILE = ShadowrunAssistant/Info.plist;
				LD_RUNPATH_SEARCH_PATHS = "$(inherited) @executable_path/Frameworks";
				PRODUCT_BUNDLE_IDENTIFIER = io.github.metacosm.ShadowrunAssistant;
				PRODUCT_NAME = "$(TARGET_NAME)";
				SWIFT_VERSION = 3.0;
			};
			name = Release;
		};
		9E0014691E01841E00B6EB8A /* Debug */ = {
			isa = XCBuildConfiguration;
			baseConfigurationReference = 01D7B27BB59458D853069BA5 /* Pods-ShadowrunAssistantTests.debug.xcconfig */;
			buildSettings = {
				ALWAYS_EMBED_SWIFT_STANDARD_LIBRARIES = YES;
				BUNDLE_LOADER = "$(TEST_HOST)";
				DEVELOPMENT_TEAM = GR42KQ2SX9;
				INFOPLIST_FILE = ShadowrunAssistantTests/Info.plist;
				LD_RUNPATH_SEARCH_PATHS = "$(inherited) @executable_path/Frameworks @loader_path/Frameworks";
				PRODUCT_BUNDLE_IDENTIFIER = io.github.metacosm.ShadowrunAssistantTests;
				PRODUCT_NAME = "$(TARGET_NAME)";
				SWIFT_VERSION = 3.0;
				TEST_HOST = "$(BUILT_PRODUCTS_DIR)/ShadowrunAssistant.app/ShadowrunAssistant";
			};
			name = Debug;
		};
		9E00146A1E01841E00B6EB8A /* Release */ = {
			isa = XCBuildConfiguration;
			baseConfigurationReference = F208BA5DED09D844ABD7A279 /* Pods-ShadowrunAssistantTests.release.xcconfig */;
			buildSettings = {
				ALWAYS_EMBED_SWIFT_STANDARD_LIBRARIES = YES;
				BUNDLE_LOADER = "$(TEST_HOST)";
				DEVELOPMENT_TEAM = GR42KQ2SX9;
				INFOPLIST_FILE = ShadowrunAssistantTests/Info.plist;
				LD_RUNPATH_SEARCH_PATHS = "$(inherited) @executable_path/Frameworks @loader_path/Frameworks";
				PRODUCT_BUNDLE_IDENTIFIER = io.github.metacosm.ShadowrunAssistantTests;
				PRODUCT_NAME = "$(TARGET_NAME)";
				SWIFT_VERSION = 3.0;
				TEST_HOST = "$(BUILT_PRODUCTS_DIR)/ShadowrunAssistant.app/ShadowrunAssistant";
			};
			name = Release;
		};
		9E00146C1E01841E00B6EB8A /* Debug */ = {
			isa = XCBuildConfiguration;
			baseConfigurationReference = CAD7ABEB5C94DE34934B8A33 /* Pods-ShadowrunAssistantUITests.debug.xcconfig */;
			buildSettings = {
				ALWAYS_EMBED_SWIFT_STANDARD_LIBRARIES = YES;
				DEVELOPMENT_TEAM = GR42KQ2SX9;
				INFOPLIST_FILE = ShadowrunAssistantUITests/Info.plist;
				LD_RUNPATH_SEARCH_PATHS = "$(inherited) @executable_path/Frameworks @loader_path/Frameworks";
				PRODUCT_BUNDLE_IDENTIFIER = io.github.metacosm.ShadowrunAssistantUITests;
				PRODUCT_NAME = "$(TARGET_NAME)";
				SWIFT_VERSION = 3.0;
				TEST_TARGET_NAME = ShadowrunAssistant;
			};
			name = Debug;
		};
		9E00146D1E01841E00B6EB8A /* Release */ = {
			isa = XCBuildConfiguration;
			baseConfigurationReference = 68F564CAB3730C6C880A27D5 /* Pods-ShadowrunAssistantUITests.release.xcconfig */;
			buildSettings = {
				ALWAYS_EMBED_SWIFT_STANDARD_LIBRARIES = YES;
				DEVELOPMENT_TEAM = GR42KQ2SX9;
				INFOPLIST_FILE = ShadowrunAssistantUITests/Info.plist;
				LD_RUNPATH_SEARCH_PATHS = "$(inherited) @executable_path/Frameworks @loader_path/Frameworks";
				PRODUCT_BUNDLE_IDENTIFIER = io.github.metacosm.ShadowrunAssistantUITests;
				PRODUCT_NAME = "$(TARGET_NAME)";
				SWIFT_VERSION = 3.0;
				TEST_TARGET_NAME = ShadowrunAssistant;
			};
			name = Release;
		};
/* End XCBuildConfiguration section */

/* Begin XCConfigurationList section */
		9E0014381E01841D00B6EB8A /* Build configuration list for PBXProject "ShadowrunAssistant" */ = {
			isa = XCConfigurationList;
			buildConfigurations = (
				9E0014631E01841E00B6EB8A /* Debug */,
				9E0014641E01841E00B6EB8A /* Release */,
			);
			defaultConfigurationIsVisible = 0;
			defaultConfigurationName = Release;
		};
		9E0014651E01841E00B6EB8A /* Build configuration list for PBXNativeTarget "ShadowrunAssistant" */ = {
			isa = XCConfigurationList;
			buildConfigurations = (
				9E0014661E01841E00B6EB8A /* Debug */,
				9E0014671E01841E00B6EB8A /* Release */,
			);
			defaultConfigurationIsVisible = 0;
			defaultConfigurationName = Release;
		};
		9E0014681E01841E00B6EB8A /* Build configuration list for PBXNativeTarget "ShadowrunAssistantTests" */ = {
			isa = XCConfigurationList;
			buildConfigurations = (
				9E0014691E01841E00B6EB8A /* Debug */,
				9E00146A1E01841E00B6EB8A /* Release */,
			);
			defaultConfigurationIsVisible = 0;
			defaultConfigurationName = Release;
		};
		9E00146B1E01841E00B6EB8A /* Build configuration list for PBXNativeTarget "ShadowrunAssistantUITests" */ = {
			isa = XCConfigurationList;
			buildConfigurations = (
				9E00146C1E01841E00B6EB8A /* Debug */,
				9E00146D1E01841E00B6EB8A /* Release */,
			);
			defaultConfigurationIsVisible = 0;
			defaultConfigurationName = Release;
		};
/* End XCConfigurationList section */
	};
	rootObject = 9E0014351E01841D00B6EB8A /* Project object */;
}
